// !$*UTF8*$!
{
	archiveVersion = 1;
	classes = {
	};
	objectVersion = 46;
	objects = {

/* Begin PBXBuildFile section */
		81FC35FE1A07CC5100322487 /* AppDelegate.swift in Sources */ = {isa = PBXBuildFile; fileRef = 81FC35FD1A07CC5100322487 /* AppDelegate.swift */; };
		81FC36001A07CC5100322487 /* ViewController.swift in Sources */ = {isa = PBXBuildFile; fileRef = 81FC35FF1A07CC5100322487 /* ViewController.swift */; };
		81FC36031A07CC5100322487 /* Main.storyboard in Resources */ = {isa = PBXBuildFile; fileRef = 81FC36011A07CC5100322487 /* Main.storyboard */; };
		81FC36051A07CC5100322487 /* Images.xcassets in Resources */ = {isa = PBXBuildFile; fileRef = 81FC36041A07CC5100322487 /* Images.xcassets */; };
		81FC36081A07CC5100322487 /* LaunchScreen.xib in Resources */ = {isa = PBXBuildFile; fileRef = 81FC36061A07CC5100322487 /* LaunchScreen.xib */; };
		81FC36141A07CC5100322487 /* PrototypingSwiftAnimationsTests.swift in Sources */ = {isa = PBXBuildFile; fileRef = 81FC36131A07CC5100322487 /* PrototypingSwiftAnimationsTests.swift */; };
		81FC361E1A09134C00322487 /* blue-fish.png in Resources */ = {isa = PBXBuildFile; fileRef = 81FC361D1A09134C00322487 /* blue-fish.png */; };
/* End PBXBuildFile section */

/* Begin PBXContainerItemProxy section */
		81FC360E1A07CC5100322487 /* PBXContainerItemProxy */ = {
			isa = PBXContainerItemProxy;
			containerPortal = 81FC35F01A07CC5000322487 /* Project object */;
			proxyType = 1;
			remoteGlobalIDString = 81FC35F71A07CC5100322487;
			remoteInfo = SwiftAnimations;
		};
/* End PBXContainerItemProxy section */

/* Begin PBXFileReference section */
		81FC35F81A07CC5100322487 /* PrototypingSwiftAnimations.app */ = {isa = PBXFileReference; explicitFileType = wrapper.application; includeInIndex = 0; path = PrototypingSwiftAnimations.app; sourceTree = BUILT_PRODUCTS_DIR; };
		81FC35FC1A07CC5100322487 /* Info.plist */ = {isa = PBXFileReference; lastKnownFileType = text.plist.xml; path = Info.plist; sourceTree = "<group>"; };
		81FC35FD1A07CC5100322487 /* AppDelegate.swift */ = {isa = PBXFileReference; lastKnownFileType = sourcecode.swift; path = AppDelegate.swift; sourceTree = "<group>"; };
		81FC35FF1A07CC5100322487 /* ViewController.swift */ = {isa = PBXFileReference; lastKnownFileType = sourcecode.swift; path = ViewController.swift; sourceTree = "<group>"; };
		81FC36021A07CC5100322487 /* Base */ = {isa = PBXFileReference; lastKnownFileType = file.storyboard; name = Base; path = Base.lproj/Main.storyboard; sourceTree = "<group>"; };
		81FC36041A07CC5100322487 /* Images.xcassets */ = {isa = PBXFileReference; lastKnownFileType = folder.assetcatalog; path = Images.xcassets; sourceTree = "<group>"; };
		81FC36071A07CC5100322487 /* Base */ = {isa = PBXFileReference; lastKnownFileType = file.xib; name = Base; path = Base.lproj/LaunchScreen.xib; sourceTree = "<group>"; };
		81FC360D1A07CC5100322487 /* PrototypingSwiftAnimationsTests.xctest */ = {isa = PBXFileReference; explicitFileType = wrapper.cfbundle; includeInIndex = 0; path = PrototypingSwiftAnimationsTests.xctest; sourceTree = BUILT_PRODUCTS_DIR; };
		81FC36121A07CC5100322487 /* Info.plist */ = {isa = PBXFileReference; lastKnownFileType = text.plist.xml; path = Info.plist; sourceTree = "<group>"; };
		81FC36131A07CC5100322487 /* PrototypingSwiftAnimationsTests.swift */ = {isa = PBXFileReference; lastKnownFileType = sourcecode.swift; path = PrototypingSwiftAnimationsTests.swift; sourceTree = "<group>"; };
		81FC361D1A09134C00322487 /* blue-fish.png */ = {isa = PBXFileReference; lastKnownFileType = image.png; path = "blue-fish.png"; sourceTree = "<group>"; };
/* End PBXFileReference section */

/* Begin PBXFrameworksBuildPhase section */
		81FC35F51A07CC5100322487 /* Frameworks */ = {
			isa = PBXFrameworksBuildPhase;
			buildActionMask = 2147483647;
			files = (
			);
			runOnlyForDeploymentPostprocessing = 0;
		};
		81FC360A1A07CC5100322487 /* Frameworks */ = {
			isa = PBXFrameworksBuildPhase;
			buildActionMask = 2147483647;
			files = (
			);
			runOnlyForDeploymentPostprocessing = 0;
		};
/* End PBXFrameworksBuildPhase section */

/* Begin PBXGroup section */
		81FC35EF1A07CC5000322487 = {
			isa = PBXGroup;
			children = (
				81FC35FA1A07CC5100322487 /* PrototypingSwiftAnimations */,
				81FC36101A07CC5100322487 /* PrototypingSwiftAnimationsTests */,
				81FC35F91A07CC5100322487 /* Products */,
			);
			sourceTree = "<group>";
		};
		81FC35F91A07CC5100322487 /* Products */ = {
			isa = PBXGroup;
			children = (
				81FC35F81A07CC5100322487 /* PrototypingSwiftAnimations.app */,
				81FC360D1A07CC5100322487 /* PrototypingSwiftAnimationsTests.xctest */,
			);
			name = Products;
			sourceTree = "<group>";
		};
		81FC35FA1A07CC5100322487 /* PrototypingSwiftAnimations */ = {
			isa = PBXGroup;
			children = (
				81FC35FD1A07CC5100322487 /* AppDelegate.swift */,
				81FC35FF1A07CC5100322487 /* ViewController.swift */,
				81FC36011A07CC5100322487 /* Main.storyboard */,
				81FC36041A07CC5100322487 /* Images.xcassets */,
				81FC36061A07CC5100322487 /* LaunchScreen.xib */,
				81FC361D1A09134C00322487 /* blue-fish.png */,
				81FC35FB1A07CC5100322487 /* Supporting Files */,
			);
			name = PrototypingSwiftAnimations;
			path = SwiftAnimations;
			sourceTree = "<group>";
		};
		81FC35FB1A07CC5100322487 /* Supporting Files */ = {
			isa = PBXGroup;
			children = (
				81FC35FC1A07CC5100322487 /* Info.plist */,
			);
			name = "Supporting Files";
			sourceTree = "<group>";
		};
		81FC36101A07CC5100322487 /* PrototypingSwiftAnimationsTests */ = {
			isa = PBXGroup;
			children = (
				81FC36131A07CC5100322487 /* PrototypingSwiftAnimationsTests.swift */,
				81FC36111A07CC5100322487 /* Supporting Files */,
			);
			name = PrototypingSwiftAnimationsTests;
			path = SwiftAnimationsTests;
			sourceTree = "<group>";
		};
		81FC36111A07CC5100322487 /* Supporting Files */ = {
			isa = PBXGroup;
			children = (
				81FC36121A07CC5100322487 /* Info.plist */,
			);
			name = "Supporting Files";
			sourceTree = "<group>";
		};
/* End PBXGroup section */

/* Begin PBXNativeTarget section */
		81FC35F71A07CC5100322487 /* PrototypingSwiftAnimations */ = {
			isa = PBXNativeTarget;
			buildConfigurationList = 81FC36171A07CC5100322487 /* Build configuration list for PBXNativeTarget "PrototypingSwiftAnimations" */;
			buildPhases = (
				81FC35F41A07CC5100322487 /* Sources */,
				81FC35F51A07CC5100322487 /* Frameworks */,
				81FC35F61A07CC5100322487 /* Resources */,
			);
			buildRules = (
			);
			dependencies = (
			);
			name = PrototypingSwiftAnimations;
			productName = SwiftAnimations;
			productReference = 81FC35F81A07CC5100322487 /* PrototypingSwiftAnimations.app */;
			productType = "com.apple.product-type.application";
		};
		81FC360C1A07CC5100322487 /* PrototypingSwiftAnimationsTests */ = {
			isa = PBXNativeTarget;
			buildConfigurationList = 81FC361A1A07CC5100322487 /* Build configuration list for PBXNativeTarget "PrototypingSwiftAnimationsTests" */;
			buildPhases = (
				81FC36091A07CC5100322487 /* Sources */,
				81FC360A1A07CC5100322487 /* Frameworks */,
				81FC360B1A07CC5100322487 /* Resources */,
			);
			buildRules = (
			);
			dependencies = (
				81FC360F1A07CC5100322487 /* PBXTargetDependency */,
			);
			name = PrototypingSwiftAnimationsTests;
			productName = SwiftAnimationsTests;
			productReference = 81FC360D1A07CC5100322487 /* PrototypingSwiftAnimationsTests.xctest */;
			productType = "com.apple.product-type.bundle.unit-test";
		};
/* End PBXNativeTarget section */

/* Begin PBXProject section */
		81FC35F01A07CC5000322487 /* Project object */ = {
			isa = PBXProject;
			attributes = {
				LastUpgradeCheck = 0610;
				ORGANIZATIONNAME = "Rafael Sachetto";
				TargetAttributes = {
					81FC35F71A07CC5100322487 = {
						CreatedOnToolsVersion = 6.1;
					};
					81FC360C1A07CC5100322487 = {
						CreatedOnToolsVersion = 6.1;
						TestTargetID = 81FC35F71A07CC5100322487;
					};
				};
			};
			buildConfigurationList = 81FC35F31A07CC5000322487 /* Build configuration list for PBXProject "PrototypingSwiftAnimations" */;
			compatibilityVersion = "Xcode 3.2";
			developmentRegion = English;
			hasScannedForEncodings = 0;
			knownRegions = (
				en,
				Base,
			);
			mainGroup = 81FC35EF1A07CC5000322487;
			productRefGroup = 81FC35F91A07CC5100322487 /* Products */;
			projectDirPath = "";
			projectRoot = "";
			targets = (
				81FC35F71A07CC5100322487 /* PrototypingSwiftAnimations */,
				81FC360C1A07CC5100322487 /* PrototypingSwiftAnimationsTests */,
			);
		};
/* End PBXProject section */

/* Begin PBXResourcesBuildPhase section */
		81FC35F61A07CC5100322487 /* Resources */ = {
			isa = PBXResourcesBuildPhase;
			buildActionMask = 2147483647;
			files = (
				81FC36031A07CC5100322487 /* Main.storyboard in Resources */,
				81FC36081A07CC5100322487 /* LaunchScreen.xib in Resources */,
				81FC36051A07CC5100322487 /* Images.xcassets in Resources */,
				81FC361E1A09134C00322487 /* blue-fish.png in Resources */,
			);
			runOnlyForDeploymentPostprocessing = 0;
		};
		81FC360B1A07CC5100322487 /* Resources */ = {
			isa = PBXResourcesBuildPhase;
			buildActionMask = 2147483647;
			files = (
			);
			runOnlyForDeploymentPostprocessing = 0;
		};
/* End PBXResourcesBuildPhase section */

/* Begin PBXSourcesBuildPhase section */
		81FC35F41A07CC5100322487 /* Sources */ = {
			isa = PBXSourcesBuildPhase;
			buildActionMask = 2147483647;
			files = (
				81FC36001A07CC5100322487 /* ViewController.swift in Sources */,
				81FC35FE1A07CC5100322487 /* AppDelegate.swift in Sources */,
			);
			runOnlyForDeploymentPostprocessing = 0;
		};
		81FC36091A07CC5100322487 /* Sources */ = {
			isa = PBXSourcesBuildPhase;
			buildActionMask = 2147483647;
			files = (
				81FC36141A07CC5100322487 /* PrototypingSwiftAnimationsTests.swift in Sources */,
			);
			runOnlyForDeploymentPostprocessing = 0;
		};
/* End PBXSourcesBuildPhase section */

/* Begin PBXTargetDependency section */
		81FC360F1A07CC5100322487 /* PBXTargetDependency */ = {
			isa = PBXTargetDependency;
			target = 81FC35F71A07CC5100322487 /* PrototypingSwiftAnimations */;
			targetProxy = 81FC360E1A07CC5100322487 /* PBXContainerItemProxy */;
		};
/* End PBXTargetDependency section */

/* Begin PBXVariantGroup section */
		81FC36011A07CC5100322487 /* Main.storyboard */ = {
			isa = PBXVariantGroup;
			children = (
				81FC36021A07CC5100322487 /* Base */,
			);
			name = Main.storyboard;
			sourceTree = "<group>";
		};
		81FC36061A07CC5100322487 /* LaunchScreen.xib */ = {
			isa = PBXVariantGroup;
			children = (
				81FC36071A07CC5100322487 /* Base */,
			);
			name = LaunchScreen.xib;
			sourceTree = "<group>";
		};
/* End PBXVariantGroup section */

/* Begin XCBuildConfiguration section */
		81FC36151A07CC5100322487 /* Debug */ = {
			isa = XCBuildConfiguration;
			buildSettings = {
				ALWAYS_SEARCH_USER_PATHS = NO;
				CLANG_CXX_LANGUAGE_STANDARD = "gnu++0x";
				CLANG_CXX_LIBRARY = "libc++";
				CLANG_ENABLE_MODULES = YES;
				CLANG_ENABLE_OBJC_ARC = YES;
				CLANG_WARN_BOOL_CONVERSION = YES;
				CLANG_WARN_CONSTANT_CONVERSION = YES;
				CLANG_WARN_DIRECT_OBJC_ISA_USAGE = YES_ERROR;
				CLANG_WARN_EMPTY_BODY = YES;
				CLANG_WARN_ENUM_CONVERSION = YES;
				CLANG_WARN_INT_CONVERSION = YES;
				CLANG_WARN_OBJC_ROOT_CLASS = YES_ERROR;
				CLANG_WARN_UNREACHABLE_CODE = YES;
				CLANG_WARN__DUPLICATE_METHOD_MATCH = YES;
				"CODE_SIGN_IDENTITY[sdk=iphoneos*]" = "iPhone Developer";
				COPY_PHASE_STRIP = NO;
				ENABLE_STRICT_OBJC_MSGSEND = YES;
				GCC_C_LANGUAGE_STANDARD = gnu99;
				GCC_DYNAMIC_NO_PIC = NO;
				GCC_OPTIMIZATION_LEVEL = 0;
				GCC_PREPROCESSOR_DEFINITIONS = (
					"DEBUG=1",
					"$(inherited)",
				);
				GCC_SYMBOLS_PRIVATE_EXTERN = NO;
				GCC_WARN_64_TO_32_BIT_CONVERSION = YES;
				GCC_WARN_ABOUT_RETURN_TYPE = YES_ERROR;
				GCC_WARN_UNDECLARED_SELECTOR = YES;
				GCC_WARN_UNINITIALIZED_AUTOS = YES_AGGRESSIVE;
				GCC_WARN_UNUSED_FUNCTION = YES;
				GCC_WARN_UNUSED_VARIABLE = YES;
				IPHONEOS_DEPLOYMENT_TARGET = 8.1;
				MTL_ENABLE_DEBUG_INFO = YES;
				ONLY_ACTIVE_ARCH = YES;
				SDKROOT = iphoneos;
				SWIFT_OPTIMIZATION_LEVEL = "-Onone";
			};
			name = Debug;
		};
		81FC36161A07CC5100322487 /* Release */ = {
			isa = XCBuildConfiguration;
			buildSettings = {
				ALWAYS_SEARCH_USER_PATHS = NO;
				CLANG_CXX_LANGUAGE_STANDARD = "gnu++0x";
				CLANG_CXX_LIBRARY = "libc++";
				CLANG_ENABLE_MODULES = YES;
				CLANG_ENABLE_OBJC_ARC = YES;
				CLANG_WARN_BOOL_CONVERSION = YES;
				CLANG_WARN_CONSTANT_CONVERSION = YES;
				CLANG_WARN_DIRECT_OBJC_ISA_USAGE = YES_ERROR;
				CLANG_WARN_EMPTY_BODY = YES;
				CLANG_WARN_ENUM_CONVERSION = YES;
				CLANG_WARN_INT_CONVERSION = YES;
				CLANG_WARN_OBJC_ROOT_CLASS = YES_ERROR;
				CLANG_WARN_UNREACHABLE_CODE = YES;
				CLANG_WARN__DUPLICATE_METHOD_MATCH = YES;
				"CODE_SIGN_IDENTITY[sdk=iphoneos*]" = "iPhone Developer";
				COPY_PHASE_STRIP = YES;
				ENABLE_NS_ASSERTIONS = NO;
				ENABLE_STRICT_OBJC_MSGSEND = YES;
				GCC_C_LANGUAGE_STANDARD = gnu99;
				GCC_WARN_64_TO_32_BIT_CONVERSION = YES;
				GCC_WARN_ABOUT_RETURN_TYPE = YES_ERROR;
				GCC_WARN_UNDECLARED_SELECTOR = YES;
				GCC_WARN_UNINITIALIZED_AUTOS = YES_AGGRESSIVE;
				GCC_WARN_UNUSED_FUNCTION = YES;
				GCC_WARN_UNUSED_VARIABLE = YES;
				IPHONEOS_DEPLOYMENT_TARGET = 8.1;
				MTL_ENABLE_DEBUG_INFO = NO;
				SDKROOT = iphoneos;
				VALIDATE_PRODUCT = YES;
			};
			name = Release;
		};
		81FC36181A07CC5100322487 /* Debug */ = {
			isa = XCBuildConfiguration;
			buildSettings = {
				ASSETCATALOG_COMPILER_APPICON_NAME = AppIcon;
				INFOPLIST_FILE = SwiftAnimations/Info.plist;
				LD_RUNPATH_SEARCH_PATHS = "$(inherited) @executable_path/Frameworks";
				PRODUCT_NAME = PrototypingSwiftAnimations;
			};
			name = Debug;
		};
		81FC36191A07CC5100322487 /* Release */ = {
			isa = XCBuildConfiguration;
			buildSettings = {
				ASSETCATALOG_COMPILER_APPICON_NAME = AppIcon;
				INFOPLIST_FILE = SwiftAnimations/Info.plist;
				LD_RUNPATH_SEARCH_PATHS = "$(inherited) @executable_path/Frameworks";
				PRODUCT_NAME = PrototypingSwiftAnimations;
			};
			name = Release;
		};
		81FC361B1A07CC5100322487 /* Debug */ = {
			isa = XCBuildConfiguration;
			buildSettings = {
				BUNDLE_LOADER = "$(TEST_HOST)";
				FRAMEWORK_SEARCH_PATHS = (
					"$(SDKROOT)/Developer/Library/Frameworks",
					"$(inherited)",
				);
				GCC_PREPROCESSOR_DEFINITIONS = (
					"DEBUG=1",
					"$(inherited)",
				);
				INFOPLIST_FILE = SwiftAnimationsTests/Info.plist;
				LD_RUNPATH_SEARCH_PATHS = "$(inherited) @executable_path/Frameworks @loader_path/Frameworks";
				PRODUCT_NAME = PrototypingSwiftAnimationsTests;
				TEST_HOST = "$(BUILT_PRODUCTS_DIR)/PrototypingSwiftAnimations.app/PrototypingSwiftAnimations";
			};
			name = Debug;
		};
		81FC361C1A07CC5100322487 /* Release */ = {
			isa = XCBuildConfiguration;
			buildSettings = {
				BUNDLE_LOADER = "$(TEST_HOST)";
				FRAMEWORK_SEARCH_PATHS = (
					"$(SDKROOT)/Developer/Library/Frameworks",
					"$(inherited)",
				);
				INFOPLIST_FILE = SwiftAnimationsTests/Info.plist;
				LD_RUNPATH_SEARCH_PATHS = "$(inherited) @executable_path/Frameworks @loader_path/Frameworks";
				PRODUCT_NAME = PrototypingSwiftAnimationsTests;
				TEST_HOST = "$(BUILT_PRODUCTS_DIR)/PrototypingSwiftAnimations.app/PrototypingSwiftAnimations";
			};
			name = Release;
		};
/* End XCBuildConfiguration section */

/* Begin XCConfigurationList section */
		81FC35F31A07CC5000322487 /* Build configuration list for PBXProject "PrototypingSwiftAnimations" */ = {
			isa = XCConfigurationList;
			buildConfigurations = (
				81FC36151A07CC5100322487 /* Debug */,
				81FC36161A07CC5100322487 /* Release */,
			);
			defaultConfigurationIsVisible = 0;
			defaultConfigurationName = Release;
		};
		81FC36171A07CC5100322487 /* Build configuration list for PBXNativeTarget "PrototypingSwiftAnimations" */ = {
			isa = XCConfigurationList;
			buildConfigurations = (
				81FC36181A07CC5100322487 /* Debug */,
				81FC36191A07CC5100322487 /* Release */,
			);
			defaultConfigurationIsVisible = 0;
			defaultConfigurationName = Release;
		};
		81FC361A1A07CC5100322487 /* Build configuration list for PBXNativeTarget "PrototypingSwiftAnimationsTests" */ = {
			isa = XCConfigurationList;
			buildConfigurations = (
				81FC361B1A07CC5100322487 /* Debug */,
				81FC361C1A07CC5100322487 /* Release */,
			);
			defaultConfigurationIsVisible = 0;
			defaultConfigurationName = Release;
		};
/* End XCConfigurationList section */
	};
	rootObject = 81FC35F01A07CC5000322487 /* Project object */;
}
